#MicroXplorer Configuration settings - do not modify
PA11.GPIO_Speed=GPIO_SPEED_FREQ_VERY_HIGH
PB13.GPIOParameters=GPIO_Label
RCC.USART1Freq_Value=64000000
RF1.Locked=true
SPI1.VirtualType=VM_MASTER
PB10.GPIO_PuPd=GPIO_PULLUP
RF1.Signal=RF_RF1
SPI2.VirtualType=VM_MASTER
VP_ADC1_TempSens_Input.Mode=IN-TempSens
VP_AES1_VS_AES.Signal=AES1_VS_AES
PC12.Locked=true
TIM1.IPParameters=Channel-Output Compare1 CH1N,Channel-PWM Generation3 CH3N
PC12.Signal=GPIO_Output
PB14.GPIO_Label=iBTN
PC6.GPIO_Label=DISPLAY_DI
VP_RTC_VS_RTC_Activate.Mode=RTC_Enabled
RCC.RTCFreq_Value=32768
PA3.GPIOParameters=GPIO_Speed,PinState,GPIO_Label,GPIO_ModeDefaultOutputPP
PA6.GPIO_Label=PA6
COMP1.Hysteresis=COMP_HYSTERESIS_HIGH
PD0.Locked=true
VP_COMP1_VS_VREFINT14.Signal=COMP1_VS_VREFINT14
USART1.IPParameters=VirtualMode-Asynchronous
PA3.GPIO_Speed=GPIO_SPEED_FREQ_LOW
PB13.Signal=TIM1_CH1N
PA2.GPIOParameters=GPIO_Speed,PinState,GPIO_Label,GPIO_ModeDefaultOutputPP
PC15-OSC32_OUT.GPIO_Label=QUARTZ_32MHZ_OUT
PinOutPanel.RotationAngle=0
RCC.MCO1PinFreq_Value=64000000
RCC.SYSCLKSource=RCC_SYSCLKSOURCE_PLLCLK
SH.GPXTI13.0=GPIO_EXTI13
RCC.LPTIM1Freq_Value=64000000
NVIC.SVCall_IRQn=true\:0\:0\:false\:false\:false\:false\:false\:false
FREERTOS.configENABLE_FPU=1
NVIC.EXTI1_IRQn=true\:5\:0\:true\:false\:true\:false\:true\:true
NVIC.ADC1_IRQn=true\:5\:0\:true\:false\:true\:false\:true\:true
SH.S_TIM16_CH1.ConfNb=1
SPI1.Direction=SPI_DIRECTION_2LINES
TIM2.IPParameters=Channel-Input_Capture1_from_TI1,ICPolarity_CH1,AutoReloadPreload,Prescaler,Channel-Input_Capture2_from_TI1
RCC.APB2TimFreq_Value=64000000
PCC.Ble.PowerLevel=Min
COMP1.Mode=COMP_POWERMODE_MEDIUMSPEED
PB6.Signal=USART1_TX
PB6.Mode=Asynchronous
NVIC.TAMP_STAMP_LSECSS_IRQn=true\:5\:0\:false\:false\:true\:true\:true\:true
SPI1.CalculateBaudRate=4.0 MBits/s
PC3.Signal=GPIO_Analog
PD0.Signal=GPIO_Output
VP_TIM2_VS_ClockSourceINT.Signal=TIM2_VS_ClockSourceINT
RCC.PREFETCH_ENABLE=1
PB13.Locked=true
VP_AES2_VS_AES.Signal=AES2_VS_AES
NVIC.EXTI15_10_IRQn=true\:5\:0\:true\:false\:true\:false\:true\:true
ProjectManager.ProjectBuild=false
NVIC.UsageFault_IRQn=true\:0\:0\:false\:false\:true\:false\:false\:false
PB2.Signal=GPIO_Analog
PB3.Mode=Full_Duplex_Master
PH3-BOOT0.Locked=true
PA8.Locked=true
PD1.GPIOParameters=GPIO_Label
RCC.RTCClockSelection=RCC_RTCCLKSOURCE_LSE
SH.GPXTI12.0=GPIO_EXTI12
PD1.GPIO_Label=SPI_D_SCK
PB12.GPIO_Label=BUTTON_RIGHT
ProjectManager.FirmwarePackage=STM32Cube FW_WB V1.10.0
VP_ADC1_Vref_Input.Mode=IN-Vrefint
MxDb.Version=DB.6.0.10
PB0.GPIOParameters=GPIO_Label
PA1.GPIOParameters=GPIO_Speed,PinState,GPIO_Label,GPIO_ModeDefaultOutputPP
ProjectManager.BackupPrevious=false
VP_SYS_VS_tim17.Signal=SYS_VS_tim17
PC4.GPIO_Label=CC1101_G0
FREERTOS.HEAP_NUMBER=4
RCC.LSE_Drive_Capability=RCC_LSEDRIVE_MEDIUMLOW
PB1.GPIO_Label=BUTTON_DOWN
NVIC.TIM2_IRQn=true\:5\:0\:true\:false\:true\:false\:true\:true
SPI1.DataSize=SPI_DATASIZE_8BIT
PE4.GPIO_Label=NFC_CS
SPI2.CalculateBaudRate=4.0 MBits/s
PA8.Signal=GPXTI8
RCC.PLLRCLKFreq_Value=64000000
SH.GPXTI11.ConfNb=1
PB6.Locked=true
NVIC.PendSV_IRQn=true\:15\:0\:false\:false\:false\:true\:false\:false
ProjectManager.HalAssertFull=false
VP_TIM1_VS_ClockSourceINT.Mode=Internal
ADC1.SamplingTime-0\#ChannelRegularConversion=ADC_SAMPLETIME_2CYCLES_5
TIM16.Pulse=145
PA0.Signal=S_TIM2_CH1
PH3-BOOT0.Signal=GPIO_Analog
NVIC.HSEM_IRQn=true\:5\:0\:true\:false\:true\:false\:false\:true
PB9.Signal=TIM1_CH3N
Mcu.Package=VFQFPN68
TIM2.Prescaler=64-1
PB1.Signal=GPXTI1
NVIC.TimeBase=TIM1_TRG_COM_TIM17_IRQn
SPI2.Mode=SPI_MODE_MASTER
PA2.GPIO_ModeDefaultOutputPP=GPIO_MODE_OUTPUT_OD
SH.GPXTI11.0=GPIO_EXTI11
SH.GPXTI8.0=GPIO_EXTI8
VP_PKA_VS_PKA.Mode=PKA_Activate
PA14.Locked=true
SH.GPXTI8.ConfNb=1
NVIC.TimeBaseIP=TIM17
RCC.LSCOPinFreq_Value=32000
PA10.Signal=I2C1_SDA
VP_RTC_VS_RTC_Calendar.Mode=RTC_Calendar
FREERTOS.FootprintOK=true
PA5.GPIOParameters=GPIO_Label
PA1.PinState=GPIO_PIN_SET
NVIC.USB_LP_IRQn=true\:5\:0\:true\:false\:true\:false\:false\:true
PB14.GPIOParameters=GPIO_Label
VP_HSEM_VS_HSEM.Mode=HSEM_Activate
NVIC.EXTI2_IRQn=true\:5\:0\:true\:false\:true\:false\:true\:true
RCC.PLLPoutputFreq_Value=64000000
RCC.APB1TimFreq_Value=64000000
FREERTOS.configGENERATE_RUN_TIME_STATS=1
NVIC.BusFault_IRQn=true\:0\:0\:false\:false\:true\:false\:false\:false
RCC.LPUART1Freq_Value=64000000
PB10.GPIOParameters=GPIO_PuPd,GPIO_Label,GPIO_ModeDefaultEXTI
PB13.Mode=Output Compare1 CH1N
TIM16.Prescaler=500 - 1
PC15-OSC32_OUT.GPIOParameters=GPIO_Label
I2C1.CustomTiming=Disabled
PA4.GPIO_Label=PA4
ProjectManager.CustomerFirmwarePackage=
PC4.GPIOParameters=GPIO_PuPd,GPIO_Label,GPIO_ModeDefaultEXTI
NVIC.RCC_IRQn=true\:5\:0\:false\:false\:true\:true\:true\:false
RCC.HSI48_VALUE=48000000
PC2.GPIO_ModeDefaultEXTI=GPIO_MODE_IT_RISING_FALLING
PA6.GPIOParameters=GPIO_Label
SH.GPXTI10.0=GPIO_EXTI10
PCC.Ble.Mode=NOT_SELECTED
PC4.GPIO_ModeDefaultEXTI=GPIO_MODE_IT_RISING_FALLING
RCC.PLLQoutputFreq_Value=64000000
ProjectManager.ProjectFileName=f3.ioc
RCC.SMPSFreq_Value=8000000
PA3.GPIO_ModeDefaultOutputPP=GPIO_MODE_OUTPUT_OD
FREERTOS.Tasks01=defaultTask,24,1024,StartDefaultTask,Default,NULL,Dynamic,NULL,NULL;app_main,8,1024,app,As external,NULL,Dynamic,NULL,NULL
ADC1.Rank-0\#ChannelRegularConversion=1
PA15.GPIOParameters=GPIO_PuPd,GPIO_Label
Mcu.PinsNb=69
PC11.Locked=true
VP_SYS_VS_tim17.Mode=TIM17
ADC1.IPParameters=Rank-0\#ChannelRegularConversion,Channel-0\#ChannelRegularConversion,SamplingTime-0\#ChannelRegularConversion,OffsetNumber-0\#ChannelRegularConversion,NbrOfConversionFlag,master,EnableAnalogWatchDog1,ContinuousConvMode
PC13.Locked=true
ADC1.OffsetNumber-0\#ChannelRegularConversion=ADC_OFFSET_NONE
RCC.HCLK3Freq_Value=64000000
PA9.GPIO_Label=I2C_SCL
PC13.Signal=GPXTI13
FREERTOS.configCHECK_FOR_STACK_OVERFLOW=1
PC2.Signal=GPXTI2
PC6.Signal=GPIO_Output
PB11.GPIO_Label=BUTTON_LEFT
PD1.Signal=SPI2_SCK
SH.S_TIM16_CH1.0=TIM16_CH1,PWM Generation1 CH1
VP_TIM16_VS_ClockSourceINT.Mode=Enable_Timer
SPI1.CLKPhase=SPI_PHASE_2EDGE
OSC_IN.Locked=true
Mcu.Pin68=VP_USB_DEVICE_VS_USB_DEVICE_CDC_FS
RCC.HCLK2Freq_Value=32000000
PC0.Signal=GPIO_Analog
PC14-OSC32_IN.Signal=RCC_OSC32_IN
PC11.GPIOParameters=PinState,GPIO_Label
Mcu.Pin62=VP_RTC_VS_RTC_Activate
Mcu.Pin63=VP_RTC_VS_RTC_Calendar
Mcu.Pin60=VP_PKA_VS_PKA
Mcu.Pin61=VP_RNG_VS_RNG
Mcu.Pin66=VP_TIM2_VS_ClockSourceINT
Mcu.Pin67=VP_TIM16_VS_ClockSourceINT
Mcu.Pin64=VP_SYS_VS_tim17
Mcu.Pin65=VP_TIM1_VS_ClockSourceINT
PD0.GPIO_Speed=GPIO_SPEED_FREQ_VERY_HIGH
PC3.GPIOParameters=GPIO_Label
PB8.GPIO_Label=SPEAKER
PA11.Locked=true
PA15.Locked=true
PA8.GPIO_Label=RFID_PULL
PC15-OSC32_OUT.Locked=true
Mcu.Pin59=VP_HSEM_VS_HSEM
SH.GPXTI2.ConfNb=1
Mcu.Pin57=VP_CRC_VS_CRC
Mcu.Pin58=VP_FREERTOS_VS_CMSIS_V2
PC12.PinState=GPIO_PIN_SET
USB_DEVICE.PRODUCT_STRING_CDC_FS=Flipper Control Virtual ComPort
Mcu.Pin51=PB7
Mcu.Pin52=VP_ADC1_TempSens_Input
Mcu.Pin50=PB6
VP_CRC_VS_CRC.Signal=CRC_VS_CRC
Mcu.Pin55=VP_AES2_VS_AES
Mcu.Pin56=VP_COMP1_VS_VREFINT14
Mcu.Pin53=VP_ADC1_Vref_Input
Mcu.Pin54=VP_AES1_VS_AES
PC6.Locked=true
PA9.Signal=I2C1_SCL
VP_TIM1_VS_ClockSourceINT.Signal=TIM1_VS_ClockSourceINT
I2C1.Timing=0x10707DBC
PB11.GPIOParameters=GPIO_PuPd,GPIO_Label,GPIO_ModeDefaultEXTI
PB9.Locked=true
PB5.Locked=true
OSC_IN.Signal=RCC_OSC_IN
Mcu.Pin48=PB4
Mcu.Pin49=PB5
RCC.PLLSAI1PoutputFreq_Value=48000000
Mcu.Pin46=PD1
Mcu.Pin47=PB3
PB10.Signal=GPXTI10
PB14.Signal=GPIO_Analog
PA5.Signal=GPIO_Analog
Mcu.Pin40=PA14
Mcu.Pin41=PA15
Mcu.Pin44=PC12
Mcu.Pin45=PD0
Mcu.Pin42=PC10
Mcu.Pin43=PC11
VP_PKA_VS_PKA.Signal=PKA_VS_PKA
RCC.Cortex2Freq_Value=32000000
ProjectManager.LastFirmware=true
PD1.Mode=TX_Only_Simplex_Unidirect_Master
RCC.RNGCLockSelection=RCC_RNGCLKSOURCE_CLK48
Mcu.Pin37=PA11
PB4.GPIO_Label=SPI_R_MISO
PCC.Ble.DataLength=6
Mcu.Pin38=PA12
Mcu.Pin35=PC6
PB15.GPIO_Label=SPI_D_MOSI
RCC.I2C1Freq_Value=64000000
Mcu.Pin36=PA10
SPI1.Mode=SPI_MODE_MASTER
Mcu.Pin39=PA13
RCC.LCDFreq_Value=32768
RCC.RNGFreq_Value=16000000
PC2.GPIOParameters=GPIO_PuPd,GPIO_Label,GPIO_ModeDefaultEXTI
VP_ADC1_TempSens_Input.Signal=ADC1_TempSens_Input
Mcu.Pin30=PE4
NVIC.COMP_IRQn=true\:5\:0\:true\:false\:true\:false\:false\:true
PA1.GPIO_Label=LED_RED
Mcu.Pin33=PB14
Mcu.Pin34=PB15
Mcu.Pin31=PB12
Mcu.Pin32=PB13
PA9.Locked=true
VP_TIM16_VS_ClockSourceINT.Signal=TIM16_VS_ClockSourceINT
NVIC.NonMaskableInt_IRQn=true\:0\:0\:false\:false\:true\:false\:false\:true
PC10.GPIOParameters=GPIO_Label
PA13.Mode=Serial_Wire
ProjectManager.FreePins=false
PB10.GPIO_ModeDefaultEXTI=GPIO_MODE_IT_RISING_FALLING
RCC.LPTIM2Freq_Value=64000000
Mcu.Pin26=OSC_OUT
Mcu.Pin27=OSC_IN
Mcu.Pin24=PB11
ProjectManager.UnderRoot=false
Mcu.Pin25=RF1
Mcu.Pin28=PB0
Mcu.Pin29=PB1
PB4.Locked=true
PA4.Signal=GPIO_Analog
Mcu.Pin22=PB2
PB5.Signal=SPI1_MOSI
Mcu.Pin23=PB10
Mcu.Pin20=PC4
ADC1.master=1
PA3.Locked=true
Mcu.Pin21=PC5
PA5.GPIO_Label=PA5
PA10.Locked=true
NVIC.ForceEnableDMAVector=true
OSC_IN.Mode=HSE-External-Oscillator
NVIC.MemoryManagement_IRQn=true\:0\:0\:false\:false\:true\:false\:false\:false
PC12.GPIO_Label=SD_CS
ProjectManager.CompilerOptimize=6
PA11.Signal=USB_DM
ProjectManager.HeapSize=0x400
PA0.GPIOParameters=GPIO_Label
Mcu.Pin15=PA5
NVIC.HardFault_IRQn=true\:0\:0\:false\:false\:true\:false\:false\:false
Mcu.Pin16=PA6
Mcu.Pin13=PA3
Mcu.Pin14=PA4
Mcu.Pin19=PA9
ProjectManager.ComputerToolchain=false
Mcu.Pin17=PA7
Mcu.Pin18=PA8
NVIC.PriorityGroup=NVIC_PRIORITYGROUP_4
Mcu.Pin11=PA1
Mcu.Pin12=PA2
PD0.GPIOParameters=GPIO_Speed,PinState,GPIO_Label
Mcu.Pin10=PA0
SH.GPXTI10.ConfNb=1
USB_DEVICE.APP_RX_DATA_SIZE=512
TIM2.AutoReloadPreload=TIM_AUTORELOAD_PRELOAD_ENABLE
PC3.GPIO_Label=PC3
PA3.PinState=GPIO_PIN_SET
PE4.PinState=GPIO_PIN_SET
RCC.PWRFreq_Value=64000000
SPI2.DataSize=SPI_DATASIZE_8BIT
VP_AES1_VS_AES.Mode=AES_Activate
SH.SharedAnalog_PC5.ConfNb=2
SH.GPXTI1.ConfNb=1
PB12.GPIO_PuPd=GPIO_PULLUP
PD1.Locked=true
PB0.Signal=GPIO_Output
PA7.GPIOParameters=GPIO_Label
PC1.Signal=GPIO_Analog
PB12.GPIOParameters=GPIO_PuPd,GPIO_Label,GPIO_ModeDefaultEXTI
Mcu.Family=STM32WB
SH.GPXTI1.0=GPIO_EXTI1
ProjectManager.MainLocation=Src
OSC_OUT.GPIO_Label=QUARTZ_32KHZ_OUT
USB_DEVICE.CLASS_NAME_FS=CDC
RCC.SAI1Freq_Value=48000000
RCC.CortexFreq_Value=64000000
TIM2.Channel-Input_Capture1_from_TI1=TIM_CHANNEL_1
ProjectManager.KeepUserCode=true
Mcu.UserName=STM32WB55RGVx
ADC1.ContinuousConvMode=DISABLE
RCC.RFWKPFreq_Value=32768
PC10.Signal=GPIO_Analog
RCC.PLLSAI1RoutputFreq_Value=48000000
PC5.Locked=true
PA0.GPIO_Label=IR_RX
PA12.GPIOParameters=GPIO_Speed
ProjectManager.functionlistsort=1-MX_GPIO_Init-GPIO-false-HAL-true,2-SystemClock_Config-RCC-false-HAL-false,3-MX_ADC1_Init-ADC1-false-HAL-true,4-MX_I2C1_Init-I2C1-false-HAL-true,5-MX_RTC_Init-RTC-false-HAL-true,6-MX_SPI1_Init-SPI1-false-HAL-true,7-MX_SPI2_Init-SPI2-false-HAL-true,8-MX_USART1_UART_Init-USART1-false-HAL-true,9-MX_USB_Device_Init-USB_DEVICE-false-HAL-false,10-MX_TIM1_Init-TIM1-false-HAL-true,11-MX_TIM2_Init-TIM2-false-HAL-true,12-MX_TIM16_Init-TIM16-false-HAL-true,13-MX_COMP1_Init-COMP1-false-HAL-true,14-MX_RF_Init-RF-false-HAL-true,15-MX_PKA_Init-PKA-false-HAL-true,16-MX_RNG_Init-RNG-false-HAL-true,17-MX_AES1_Init-AES1-false-HAL-true,18-MX_AES2_Init-AES2-false-HAL-true,19-MX_CRC_Init-CRC-false-HAL-true,0-MX_HSEM_Init-HSEM-false-HAL-true
PC0.GPIOParameters=GPIO_Label
PA9.GPIOParameters=GPIO_Speed,GPIO_Label
PA2.GPIO_Speed=GPIO_SPEED_FREQ_LOW
PH3-BOOT0.GPIO_Label=BOOT0
PA11.GPIOParameters=GPIO_Speed
PD0.GPIO_Label=CC1101_CS
PC0.GPIO_Label=PC0
PA11.Mode=Device
PB0.GPIO_Label=DISPLAY_RST
VP_RTC_VS_RTC_Calendar.Signal=RTC_VS_RTC_Calendar
PB11.GPIO_PuPd=GPIO_PULLUP
PC13.GPIO_Label=BUTTON_BACK
PB13.GPIO_Label=RFID_OUT
PB11.Signal=GPXTI11
PB15.Signal=SPI2_MOSI
OSC_OUT.GPIOParameters=GPIO_Label
ProjectManager.StackSize=0x1000
PB5.GPIOParameters=GPIO_Label
VP_FREERTOS_VS_CMSIS_V2.Mode=CMSIS_V2
SH.GPXTI2.0=GPIO_EXTI2
RCC.I2C3Freq_Value=64000000
Mcu.IP4=CRC
Mcu.IP5=FREERTOS
RCC.FCLKCortexFreq_Value=64000000
USB_DEVICE.MANUFACTURER_STRING=Flipper
Mcu.IP2=AES2
I2C1.IPParameters=Timing,CustomTiming
Mcu.IP3=COMP1
PA15.GPIO_Label=DISPLAY_BACKLIGHT
PB4.GPIOParameters=GPIO_Label
Mcu.IP0=ADC1
PA12.Locked=true
Mcu.IP1=AES1
PA12.Signal=USB_DP
PE4.GPIOParameters=GPIO_Speed,PinState,GPIO_Label
Mcu.UserConstants=
RCC.VCOSAI1OutputFreq_Value=96000000
TIM2.ICPolarity_CH1=TIM_INPUTCHANNELPOLARITY_FALLING
PC1.GPIOParameters=GPIO_Label
SH.GPXTI13.ConfNb=1
Mcu.ThirdPartyNb=0
PB1.GPIO_PuPd=GPIO_PULLUP
RCC.HCLKFreq_Value=64000000
Mcu.IPNb=23
ProjectManager.PreviousToolchain=
PB1.GPIO_ModeDefaultEXTI=GPIO_MODE_IT_RISING_FALLING
PA8.GPIOParameters=GPIO_Label
Mcu.Pin6=PC0
Mcu.Pin7=PC1
Mcu.Pin8=PC2
Mcu.Pin9=PC3
OSC_OUT.Mode=HSE-External-Oscillator
FREERTOS.IPParameters=Tasks01,configTOTAL_HEAP_SIZE,HEAP_NUMBER,configUSE_TIMERS,configUSE_IDLE_HOOK,FootprintOK,configCHECK_FOR_STACK_OVERFLOW,configRECORD_STACK_HIGH_ADDRESS,configGENERATE_RUN_TIME_STATS,configENABLE_FPU
OSC_OUT.Signal=RCC_OSC_OUT
RCC.AHBFreq_Value=64000000
SPI2.BaudRatePrescaler=SPI_BAUDRATEPRESCALER_16
Mcu.Pin0=PC13
Mcu.Pin1=PC14-OSC32_IN
GPIO.groupedBy=Show All
Mcu.Pin2=PC15-OSC32_OUT
Mcu.Pin3=PH3-BOOT0
Mcu.Pin4=PB8
Mcu.Pin5=PB9
ADC1.Channel-0\#ChannelRegularConversion=ADC_CHANNEL_14
RCC.HSE_VALUE=32000000
RCC.FCLK2Freq_Value=32000000
FREERTOS.configUSE_TIMERS=1
NVIC.DebugMonitor_IRQn=true\:0\:0\:false\:false\:true\:false\:false\:false
PH3-BOOT0.GPIOParameters=GPIO_Label
Mcu.IP10=RCC
NVIC.SysTick_IRQn=true\:15\:0\:false\:false\:false\:true\:false\:true
Mcu.IP12=RNG
Mcu.IP11=RF
Mcu.IP18=TIM2
Mcu.IP17=TIM1
NVIC.TIM1_TRG_COM_TIM17_IRQn=true\:0\:0\:false\:false\:true\:false\:false\:true
PA2.PinState=GPIO_PIN_SET
Mcu.IP19=TIM16
Mcu.IP14=SPI1
PB4.Mode=Full_Duplex_Master
Mcu.IP13=RTC
Mcu.IP16=SYS
RCC.LSE_Timout=1000
Mcu.IP15=SPI2
PC14-OSC32_IN.Mode=LSE-External-Oscillator
RCC.VCOInputFreq_Value=16000000
PD0.PinState=GPIO_PIN_SET
PA14.Mode=Serial_Wire
PE4.GPIO_Speed=GPIO_SPEED_FREQ_VERY_HIGH
PC11.GPIO_Label=DISPLAY_CS
PB5.Mode=Full_Duplex_Master
File.Version=6
PA10.GPIO_Label=I2C_SDA
PC13.GPIO_PuPd=GPIO_PULLUP
PB3.GPIOParameters=GPIO_Label
SH.S_TIM2_CH1.ConfNb=2
PB7.Signal=USART1_RX
Mcu.IP21=USB
PB8.Locked=true
Mcu.IP20=USART1
Mcu.IP22=USB_DEVICE
PE4.Signal=GPIO_Output
PB0.Locked=true
FREERTOS.configTOTAL_HEAP_SIZE=40960
PC14-OSC32_IN.GPIOParameters=GPIO_Label
ProjectManager.ProjectName=f3
RCC.APB3Freq_Value=16000000
PA6.Signal=GPIO_Analog
TIM2.Channel-Input_Capture2_from_TI1=TIM_CHANNEL_2
RCC.EnbaleCSS=true
ProjectManager.ToolChainLocation=
PA2.GPIO_Label=LED_GREEN
RCC.LSI_VALUE=32000
PB11.GPIO_ModeDefaultEXTI=GPIO_MODE_IT_RISING_FALLING
PA15.Signal=GPIO_Output
VP_USB_DEVICE_VS_USB_DEVICE_CDC_FS.Signal=USB_DEVICE_VS_USB_DEVICE_CDC_FS
RCC.MSIOscState=DISABLED
SPI2.CLKPhase=SPI_PHASE_1EDGE
PA10.GPIO_Speed=GPIO_SPEED_FREQ_VERY_HIGH
PB5.GPIO_Label=SPI_R_MOSI
PC4.Locked=true
VP_AES2_VS_AES.Mode=AES_Activate
PC14-OSC32_IN.GPIO_Label=QUARTZ_32MHZ_IN
SPI2.Direction=SPI_DIRECTION_2LINES
PC5.Signal=SharedAnalog_PC5
SPI1.BaudRatePrescaler=SPI_BAUDRATEPRESCALER_16
OSC_IN.GPIO_Label=QUARTZ_32KHZ_IN
PC2.GPIO_Label=BUTTON_OK
PC14-OSC32_IN.Locked=true
PA12.GPIO_Speed=GPIO_SPEED_FREQ_VERY_HIGH
COMP1.TriggerMode=COMP_TRIGGERMODE_IT_RISING_FALLING
PB15.Locked=true
PB3.Locked=true
PB4.Signal=SPI1_MISO
RCC.PLLSAI1N=6
PA3.Signal=GPIO_Output
PA2.Locked=true
PB3.GPIO_Label=SPI_R_SCK
VP_RTC_VS_RTC_Activate.Signal=RTC_VS_RTC_Activate
RCC.PLLSourceVirtual=RCC_PLLSOURCE_HSE
PC15-OSC32_OUT.Mode=LSE-External-Oscillator
SH.S_TIM2_CH1.1=TIM2_CH1,Input_Capture2_from_TI1
SH.S_TIM2_CH1.0=TIM2_CH1,Input_Capture1_from_TI1
PB8.GPIOParameters=GPIO_Label
PB9.GPIO_Label=IR_TX
PC10.GPIO_Label=PC10
PA10.Mode=I2C
ProjectManager.NoMain=false
SPI1.IPParameters=VirtualType,Mode,Direction,CalculateBaudRate,BaudRatePrescaler,DataSize,CLKPhase
USB_DEVICE.VirtualModeFS=Cdc_FS
PC4.GPIO_PuPd=GPIO_PULLDOWN
NVIC.SavedSvcallIrqHandlerGenerated=false
PC11.Signal=GPIO_Output
PC4.Signal=GPXTI4
ProjectManager.DefaultFWLocation=true
VP_HSEM_VS_HSEM.Signal=HSEM_VS_HSEM
OSC_IN.GPIOParameters=GPIO_Label
PB12.Locked=true
ProjectManager.DeletePrevious=true
VP_RNG_VS_RNG.Mode=RNG_Activate
PB10.Locked=true
USB_DEVICE.IPParameters=VirtualMode,VirtualModeFS,CLASS_NAME_FS,MANUFACTURER_STRING,PRODUCT_STRING_CDC_FS,APP_RX_DATA_SIZE,APP_TX_DATA_SIZE
TIM16.Channel=TIM_CHANNEL_1
RCC.AHB2CLKDivider=RCC_SYSCLK_DIV2
RCC.FamilyName=M
PB9.GPIOParameters=GPIO_Label
PC12.GPIOParameters=GPIO_Speed,PinState,GPIO_Label
USART1.VirtualMode-Asynchronous=VM_ASYNC
PA13.Signal=SYS_JTMS-SWDIO
FREERTOS.configUSE_IDLE_HOOK=1
VP_COMP1_VS_VREFINT14.Mode=VREFINT_14
PA9.Mode=I2C
TIM1.Channel-Output\ Compare1\ CH1N=TIM_CHANNEL_1
FREERTOS.configRECORD_STACK_HIGH_ADDRESS=1
ProjectManager.TargetToolchain=Makefile
PB10.GPIO_Label=BUTTON_UP
VP_RNG_VS_RNG.Signal=RNG_VS_RNG
VP_USB_DEVICE_VS_USB_DEVICE_CDC_FS.Mode=CDC_FS
RCC.HCLKRFFreq_Value=16000000
PC5.GPIOParameters=GPIO_Label
PB9.Mode=PWM Generation3 CH3N
PB2.GPIOParameters=GPIO_Label
SH.GPXTI12.ConfNb=1
PE4.Locked=true
SPI2.IPParameters=VirtualType,Mode,Direction,CalculateBaudRate,DataSize,BaudRatePrescaler,CLKPhase
ADC1.EnableAnalogWatchDog1=false
PC2.Locked=true
ProjectManager.RegisterCallBack=
RCC.USBFreq_Value=48000000
TIM1.Channel-PWM\ Generation3\ CH3N=TIM_CHANNEL_3
PC15-OSC32_OUT.Signal=RCC_OSC32_OUT
PA1.Signal=GPIO_Output
PB1.Locked=true
RCC.SMPSCLockSelectionVirtual=RCC_SMPSCLKSOURCE_HSE
board=custom
RCC.VCOOutputFreq_Value=128000000
RCC.SMPS1Freq_Value=16000000
PB15.Mode=TX_Only_Simplex_Unidirect_Master
TIM16.Period=291
NVIC.SavedSystickIrqHandlerGenerated=true
RCC.APB2Freq_Value=64000000
PC11.PinState=GPIO_PIN_SET
COMP1.IPParameters=TriggerMode,Hysteresis,Mode
MxCube.Version=6.1.0
VP_TIM2_VS_ClockSourceINT.Mode=Internal
PC13.GPIOParameters=GPIO_PuPd,GPIO_Label,GPIO_ModeDefaultEXTI
PA1.GPIO_Speed=GPIO_SPEED_FREQ_LOW
SH.SharedAnalog_PC5.0=COMP1_INP,INP
RCC.PLLSAI1QoutputFreq_Value=48000000
RCC.ADCFreq_Value=48000000
PC1.GPIO_Label=PC1
PA10.GPIOParameters=GPIO_Speed,GPIO_Label
VP_ADC1_Vref_Input.Signal=ADC1_Vref_Input
SH.SharedAnalog_PC5.1=ADC1_IN14,IN14-Single-Ended
OSC_OUT.Locked=true
PA4.GPIOParameters=GPIO_Label
PC2.GPIO_PuPd=GPIO_PULLUP
PB15.GPIOParameters=GPIO_Label
RCC.IPParameters=ADCFreq_Value,AHB2CLKDivider,AHBFreq_Value,APB1Freq_Value,APB1TimFreq_Value,APB2Freq_Value,APB2TimFreq_Value,APB3Freq_Value,Cortex2Freq_Value,CortexFreq_Value,EnableCSSLSE,EnbaleCSS,FCLK2Freq_Value,FCLKCortexFreq_Value,FamilyName,HCLK2Freq_Value,HCLK3Freq_Value,HCLKFreq_Value,HCLKRFFreq_Value,HSE_VALUE,HSI48_VALUE,HSI_VALUE,I2C1Freq_Value,I2C3Freq_Value,LCDFreq_Value,LPTIM1Freq_Value,LPTIM2Freq_Value,LPUART1Freq_Value,LSCOPinFreq_Value,LSE_Drive_Capability,LSE_Timout,LSI_VALUE,MCO1PinFreq_Value,MSIOscState,PLLM,PLLPoutputFreq_Value,PLLQoutputFreq_Value,PLLRCLKFreq_Value,PLLSAI1N,PLLSAI1PoutputFreq_Value,PLLSAI1QoutputFreq_Value,PLLSAI1RoutputFreq_Value,PLLSourceVirtual,PREFETCH_ENABLE,PWRFreq_Value,RFWKPClockSelection,RFWKPFreq_Value,RNGCLockSelection,RNGFreq_Value,RTCClockSelection,RTCFreq_Value,SAI1Freq_Value,SMPS1Freq_Value,SMPSCLockSelectionVirtual,SMPSFreq_Value,SYSCLKFreq_VALUE,SYSCLKSource,USART1Freq_Value,USBFreq_Value,VCOInputFreq_Value,VCOOutputFreq_Value,VCOSAI1OutputFreq_Value
ProjectManager.AskForMigrate=true
Mcu.Name=STM32WB55RGVx
NVIC.SavedPendsvIrqHandlerGenerated=false
RCC.EnableCSSLSE=true
PA2.Signal=GPIO_Output
Mcu.IP8=NVIC
VP_FREERTOS_VS_CMSIS_V2.Signal=FREERTOS_VS_CMSIS_V2
Mcu.IP9=PKA
Mcu.IP6=HSEM
Mcu.IP7=I2C1
ProjectManager.CoupleFile=true
PB3.Signal=SPI1_SCK
RCC.SYSCLKFreq_VALUE=64000000
PA7.GPIO_Label=PA7
PA1.Locked=true
SH.GPXTI4.0=GPIO_EXTI4
PA12.Mode=Device
PCC.Ble.ConnectionInterval=1000.0
KeepUserPlacement=false
PC13.GPIO_ModeDefaultEXTI=GPIO_MODE_IT_RISING_FALLING
PC5.GPIO_Label=RFID_RF_IN
PA13.Locked=true
RF1.Mode=RF1_Activate
PB7.Mode=Asynchronous
NVIC.EXTI9_5_IRQn=true\:5\:0\:true\:false\:true\:false\:true\:true
USB_DEVICE.APP_TX_DATA_SIZE=512
PA14.Signal=SYS_JTCK-SWCLK
PB2.GPIO_Label=PB2
SH.GPXTI4.ConfNb=1
PC6.GPIOParameters=GPIO_Label
PB12.GPIO_ModeDefaultEXTI=GPIO_MODE_IT_RISING_FALLING
RCC.HSI_VALUE=16000000
ADC1.NbrOfConversionFlag=1
RCC.PLLM=RCC_PLLM_DIV2
PA15.GPIO_PuPd=GPIO_PULLDOWN
PB7.Locked=true
PB8.Signal=S_TIM16_CH1
PA9.GPIO_Speed=GPIO_SPEED_FREQ_VERY_HIGH
TIM16.IPParameters=Channel,Pulse,Prescaler,Period
RCC.APB1Freq_Value=64000000
RCC.RFWKPClockSelection=RCC_RFWKPCLKSOURCE_LSE
PC12.GPIO_Speed=GPIO_SPEED_FREQ_VERY_HIGH
VP_CRC_VS_CRC.Mode=CRC_Activate
USB_DEVICE.VirtualMode=Cdc
PB11.Locked=true
ProjectManager.DeviceId=STM32WB55RGVx
PB12.Signal=GPXTI12
ProjectManager.LibraryCopy=2
PA3.GPIO_Label=LED_BLUE
PB1.GPIOParameters=GPIO_PuPd,GPIO_Label,GPIO_ModeDefaultEXTI
PA7.Signal=GPIO_Analog
PA1.GPIO_ModeDefaultOutputPP=GPIO_MODE_OUTPUT_OD
